<Solution>
  <Folder Name="/src/" />
  <Folder Name="/src/Api/">
    <Project Path="src/Api/OCAP.Api/OCAP.Api.csproj" />
  </Folder>
  <Folder Name="/src/Application/">
    <Project Path="src/Application/OCAP.Application/OCAP.Application.csproj" />
  </Folder>
  <Folder Name="/src/Channels/">
    <Project Path="src/Channels/OCAP.Channels.Abstractions/OCAP.Channels.Abstractions.csproj" />
    <Project Path="src/Channels/OCAP.Channels.Discord/OCAP.Channels.Discord.csproj" />
    <Project Path="src/Channels/OCAP.Channels.MicrosoftTeams/OCAP.Channels.MicrosoftTeams.csproj" />
    <Project Path="src/Channels/OCAP.Channels.Mock/OCAP.Channels.Mock.csproj" />
    <Project Path="src/Channels/OCAP.Channels.Slack/OCAP.Channels.Slack.csproj" />
    <Project Path="src/Channels/OCAP.Channels.Telegram/OCAP.Channels.Telegram.csproj" />
    <Project Path="src/Channels/OCAP.Channels.WebChat/OCAP.Channels.WebChat.csproj" />
    <Project Path="src/Channels/OCAP.Channels.WhatsApp/OCAP.Channels.WhatsApp.csproj" />
  </Folder>
  <Folder Name="/src/Core/">
    <Project Path="src/Core/OCAP.Core/OCAP.Core.csproj" />
  </Folder>
  <Folder Name="/src/Dashboard/">
    <Project Path="src/Dashboard/OCAP.Dashboard/OCAP.Dashboard.csproj" />
  </Folder>
  <Folder Name="/src/DeploymentManager/">
    <Project Path="src/DeploymentManager/OCAP.DeploymentManager/OCAP.DeploymentManager.csproj" />
  </Folder>
  <Folder Name="/src/Infrastructure/">
    <Project Path="src/Infrastructure/OCAP.Infrastructure/OCAP.Infrastructure.csproj" />
  </Folder>
  <Folder Name="/src/Intelligence/">
    <Project Path="src/Intelligence/OCAP.Intelligence.Abstractions/OCAP.Intelligence.Abstractions.csproj" />
    <Project Path="src/Intelligence/OCAP.Intelligence.Application/OCAP.Intelligence.Application.csproj" />
    <Project Path="src/Intelligence/OCAP.Intelligence.Domain/OCAP.Intelligence.Domain.csproj" />
    <Project Path="src/Intelligence/OCAP.Intelligence.Mock/OCAP.Intelligence.Mock.csproj" />
  </Folder>
  <Folder Name="/src/Modules/">
    <Project Path="src/Modules/OCAP.Agents.Abstractions/OCAP.Agents.Abstractions.csproj" />
    <Project Path="src/Modules/OCAP.Agents.Application/OCAP.Agents.Application.csproj" />
    <Project Path="src/Modules/OCAP.Agents.Domain/OCAP.Agents.Domain.csproj" />
    <Project Path="src/Modules/OCAP.Modules.Administration/OCAP.Modules.Administration.csproj" />
    <Project Path="src/Modules/OCAP.Modules.Automation/OCAP.Modules.Automation.csproj" />
    <Project Path="src/Modules/OCAP.Modules.Calendar/OCAP.Modules.Calendar.csproj" />
    <Project Path="src/Modules/OCAP.Modules.Contacts/OCAP.Modules.Contacts.csproj" />
    <Project Path="src/Modules/OCAP.Modules.Conversation/OCAP.Modules.Conversation.csproj" />
    <Project Path="src/Modules/OCAP.Modules.Documents/OCAP.Modules.Documents.csproj" />
    <Project Path="src/Modules/OCAP.Modules.Email/OCAP.Modules.Email.csproj" />
    <Project Path="src/Modules/OCAP.Modules.Knowledge/OCAP.Modules.Knowledge.csproj" />
    <Project Path="src/Modules/OCAP.Modules.Notifications/OCAP.Modules.Notifications.csproj" />
    <Project Path="src/Modules/OCAP.Modules.Settings/OCAP.Modules.Settings.csproj" />
    <Project Path="src/Modules/OCAP.Modules.Tasks/OCAP.Modules.Tasks.csproj" />
    <Project Path="src/Modules/OCAP.Modules.Users/OCAP.Modules.Users.csproj" />
  </Folder>
  <Folder Name="/src/Prompts/">
    <Project Path="src/Prompts/OCAP.Prompts/OCAP.Prompts.csproj" />
  </Folder>
  <Folder Name="/src/Providers/">
    <Project Path="src/Providers/OCAP.Providers.Claude/OCAP.Providers.Claude.csproj" />
    <Project Path="src/Providers/OCAP.Providers.Gemini/OCAP.Providers.Gemini.csproj" />
    <Project Path="src/Providers/OCAP.Providers.Google/OCAP.Providers.Google.csproj" />
    <Project Path="src/Providers/OCAP.Providers.GoogleDrive/OCAP.Providers.GoogleDrive.csproj" />
    <Project Path="src/Providers/OCAP.Providers.LocalStorage/OCAP.Providers.LocalStorage.csproj" />
    <Project Path="src/Providers/OCAP.Providers.Microsoft365/OCAP.Providers.Microsoft365.csproj" />
    <Project Path="src/Providers/OCAP.Providers.Ollama/OCAP.Providers.Ollama.csproj" />
    <Project Path="src/Providers/OCAP.Providers.OpenAI/OCAP.Providers.OpenAI.csproj" />
    <Project Path="src/Providers/OCAP.Providers.S3/OCAP.Providers.S3.csproj" />
  </Folder>
  <Folder Name="/src/Providers/Google/">
    <Project Path="src/Providers/Google/OCAP.Providers.Google.Abstractions/OCAP.Providers.Google.Abstractions.csproj" />
    <Project Path="src/Providers/Google/OCAP.Providers.Google.Calendar/OCAP.Providers.Google.Calendar.csproj" />
    <Project Path="src/Providers/Google/OCAP.Providers.Google.Gmail/OCAP.Providers.Google.Gmail.csproj" />
    <Project Path="src/Providers/Google/OCAP.Providers.Google.Sheets/OCAP.Providers.Google.Sheets.csproj" />
  </Folder>
  <Folder Name="/src/Security/">
    <Project Path="src/Security/OCAP.Security.Abstractions/OCAP.Security.Abstractions.csproj" />
    <Project Path="src/Security/OCAP.Security.Application/OCAP.Security.Application.csproj" />
    <Project Path="src/Security/OCAP.Security.Domain/OCAP.Security.Domain.csproj" />
    <Project Path="src/Security/OCAP.Security.Infrastructure/OCAP.Security.Infrastructure.csproj" />
  </Folder>
  <Folder Name="/src/Tools/">
    <Project Path="src/Tools/OCAP.Tools.Abstractions/OCAP.Tools.Abstractions.csproj" />
    <Project Path="src/Tools/OCAP.Tools.Google/OCAP.Tools.Google.csproj" />
  </Folder>
  <Folder Name="/src/Workflow/">
    <Project Path="src/Workflow/OCAP.Workflow.Abstractions/OCAP.Workflow.Abstractions.csproj" />
    <Project Path="src/Workflow/OCAP.Workflow.Application/OCAP.Workflow.Application.csproj" />
    <Project Path="src/Workflow/OCAP.Workflow.Domain/OCAP.Workflow.Domain.csproj" />
    <Project Path="src/Workflow/OCAP.Workflow.Infrastructure/OCAP.Workflow.Infrastructure.csproj" />
  </Folder>
  <Folder Name="/tests/">
    <Project Path="tests/OCAP.Agents.Tests/OCAP.Agents.Tests.csproj" />
    <Project Path="tests/OCAP.Api.Tests/OCAP.Api.Tests.csproj" />
    <Project Path="tests/OCAP.Channels.Tests/OCAP.Channels.Tests.csproj" />
    <Project Path="tests/OCAP.Dashboard.Tests/OCAP.Dashboard.Tests.csproj" />
    <Project Path="tests/OCAP.DeploymentManager.Tests/OCAP.DeploymentManager.Tests.csproj" />
    <Project Path="tests/OCAP.IntegrationTests/OCAP.IntegrationTests.csproj" />
    <Project Path="tests/OCAP.Intelligence.Tests/OCAP.Intelligence.Tests.csproj" />
    <Project Path="tests/OCAP.Security.Tests/OCAP.Security.Tests.csproj" />
    <Project Path="tests/OCAP.Tools.Tests/OCAP.Tools.Tests.csproj" />
    <Project Path="tests/OCAP.UnitTests/OCAP.UnitTests.csproj" />
    <Project Path="tests/OCAP.Workflow.Tests/OCAP.Workflow.Tests.csproj" />
  </Folder>
</Solution>
